
Microsoft Visual Studio Solution File, Format Version 12.00
# Visual Studio Version 17
VisualStudioVersion = 17.11.35312.102
MinimumVisualStudioVersion = 10.0.40219.1
Project("{FAE04EC0-301F-11D3-BF4B-00C04F79EFBC}") = "Vlastni-hra", "Vlastni-hra\Vlastni-hra.csproj", "{4218965D-DBDB-4ED2-8AEE-48DF96CDAEF5}"
EndProject
Global
	GlobalSection(SolutionConfigurationPlatforms) = preSolution
		Debug|Any CPU = Debug|Any CPU
		Release|Any CPU = Release|Any CPU
	EndGlobalSection
	GlobalSection(ProjectConfigurationPlatforms) = postSolution
		{4218965D-DBDB-4ED2-8AEE-48DF96CDAEF5}.Debug|Any CPU.ActiveCfg = Debug|Any CPU
		{4218965D-DBDB-4ED2-8AEE-48DF96CDAEF5}.Debug|Any CPU.Build.0 = Debug|Any CPU
		{4218965D-DBDB-4ED2-8AEE-48DF96CDAEF5}.Release|Any CPU.ActiveCfg = Release|Any CPU
		{4218965D-DBDB-4ED2-8AEE-48DF96CDAEF5}.Release|Any CPU.Build.0 = Release|Any CPU
	EndGlobalSection
	GlobalSection(SolutionProperties) = preSolution
		HideSolutionNode = FALSE
	EndGlobalSection
	GlobalSection(ExtensibilityGlobals) = postSolution
		SolutionGuid = {B056CC85-BA2A-45EB-A630-B354041BF3AA}
	EndGlobalSection
EndGlobal
